
Microsoft Visual Studio Solution File, Format Version 12.00
# Visual Studio Version 17
VisualStudioVersion = 17.10.35122.118
MinimumVisualStudioVersion = 10.0.40219.1
Project("{FAE04EC0-301F-11D3-BF4B-00C04F79EFBC}") = "Systema De Gestion De Menu", "Systema De Gestion De Menu.csproj", "{DFE533A5-E522-47DE-85AB-8D945F9DB63C}"
EndProject
Global
	GlobalSection(SolutionConfigurationPlatforms) = preSolution
		Debug|Any CPU = Debug|Any CPU
		Release|Any CPU = Release|Any CPU
	EndGlobalSection
	GlobalSection(ProjectConfigurationPlatforms) = postSolution
		{DFE533A5-E522-47DE-85AB-8D945F9DB63C}.Debug|Any CPU.ActiveCfg = Debug|Any CPU
		{DFE533A5-E522-47DE-85AB-8D945F9DB63C}.Debug|Any CPU.Build.0 = Debug|Any CPU
		{DFE533A5-E522-47DE-85AB-8D945F9DB63C}.Release|Any CPU.ActiveCfg = Release|Any CPU
		{DFE533A5-E522-47DE-85AB-8D945F9DB63C}.Release|Any CPU.Build.0 = Release|Any CPU
	EndGlobalSection
	GlobalSection(SolutionProperties) = preSolution
		HideSolutionNode = FALSE
	EndGlobalSection
	GlobalSection(ExtensibilityGlobals) = postSolution
		SolutionGuid = {8DBC276C-F480-410C-A5A7-C2D182D59D10}
	EndGlobalSection
EndGlobal
